lockfileVersion: 5.4

specifiers:
  '@types/node': ^18.11.12
  typescript: ^4.9.4

devDependencies:
  '@types/node': 18.11.12
  typescript: 4.9.4

packages:

  /@types/node/18.11.12:
    resolution: {integrity: sha512-FgD3NtTAKvyMmD44T07zz2fEf+OKwutgBCEVM8GcvMGVGaDktiLNTDvPwC/LUe3PinMW+X6CuLOF2Ui1mAlSXg==}
    dev: true

  /typescript/4.9.4:
    resolution: {integrity: sha512-Uz+dTXYzxXXbsFpM86Wh3dKCxrQqUcVMxwU54orwlJjOpO3ao8L7j5lH+dWfTwgCwIuM9GQ2kvVotzYJMXTBZg==}
    engines: {node: '>=4.2.0'}
    hasBin: true
    dev: true
